
Microsoft Visual Studio Solution File, Format Version 12.00
# Visual Studio Version 16
VisualStudioVersion = 16.0.30128.74
MinimumVisualStudioVersion = 10.0.40219.1
Project("{FAE04EC0-301F-11D3-BF4B-00C04F79EFBC}") = "ombtmvc1Test", "ombtmvc1Test\ombtmvc1Test.csproj", "{509BA153-E530-4FBE-9835-AD2B552498CE}"
EndProject
Project("{FAE04EC0-301F-11D3-BF4B-00C04F79EFBC}") = "ombtmvc1Test.Tests", "ombtmvc1Test.Tests\ombtmvc1Test.Tests.csproj", "{64CA4DBE-4F97-4699-B34C-FC406EA9A25F}"
EndProject
Global
	GlobalSection(SolutionConfigurationPlatforms) = preSolution
		Debug|Any CPU = Debug|Any CPU
		Release|Any CPU = Release|Any CPU
	EndGlobalSection
	GlobalSection(ProjectConfigurationPlatforms) = postSolution
		{509BA153-E530-4FBE-9835-AD2B552498CE}.Debug|Any CPU.ActiveCfg = Debug|Any CPU
		{509BA153-E530-4FBE-9835-AD2B552498CE}.Debug|Any CPU.Build.0 = Debug|Any CPU
		{509BA153-E530-4FBE-9835-AD2B552498CE}.Release|Any CPU.ActiveCfg = Release|Any CPU
		{509BA153-E530-4FBE-9835-AD2B552498CE}.Release|Any CPU.Build.0 = Release|Any CPU
		{64CA4DBE-4F97-4699-B34C-FC406EA9A25F}.Debug|Any CPU.ActiveCfg = Debug|Any CPU
		{64CA4DBE-4F97-4699-B34C-FC406EA9A25F}.Debug|Any CPU.Build.0 = Debug|Any CPU
		{64CA4DBE-4F97-4699-B34C-FC406EA9A25F}.Release|Any CPU.ActiveCfg = Release|Any CPU
		{64CA4DBE-4F97-4699-B34C-FC406EA9A25F}.Release|Any CPU.Build.0 = Release|Any CPU
	EndGlobalSection
	GlobalSection(SolutionProperties) = preSolution
		HideSolutionNode = FALSE
	EndGlobalSection
	GlobalSection(ExtensibilityGlobals) = postSolution
		SolutionGuid = {1F641000-F612-4EAD-8E9B-321F1AFFEE01}
	EndGlobalSection
EndGlobal
