
Microsoft Visual Studio Solution File, Format Version 12.00
# Visual Studio Version 16
VisualStudioVersion = 16.0.30114.105
MinimumVisualStudioVersion = 10.0.40219.1
Project("{FAE04EC0-301F-11D3-BF4B-00C04F79EFBC}") = "onlineMovieTicketBooking", "onlineMovieTicketBooking\onlineMovieTicketBooking.csproj", "{B2FD8E54-4657-4F3A-A5F0-78D63DC12D62}"
EndProject
Project("{FAE04EC0-301F-11D3-BF4B-00C04F79EFBC}") = "omtbTest", "omtbTest\omtbTest.csproj", "{02FC267B-E0B3-4649-930E-DC6E4AD50EF9}"
EndProject
Project("{FAE04EC0-301F-11D3-BF4B-00C04F79EFBC}") = "ombtasp", "ombtasp\ombtasp.csproj", "{3761A574-4347-4DC5-9C72-8234DAAE6B45}"
EndProject
Global
	GlobalSection(SolutionConfigurationPlatforms) = preSolution
		Debug|Any CPU = Debug|Any CPU
		Release|Any CPU = Release|Any CPU
	EndGlobalSection
	GlobalSection(ProjectConfigurationPlatforms) = postSolution
		{B2FD8E54-4657-4F3A-A5F0-78D63DC12D62}.Debug|Any CPU.ActiveCfg = Debug|Any CPU
		{B2FD8E54-4657-4F3A-A5F0-78D63DC12D62}.Debug|Any CPU.Build.0 = Debug|Any CPU
		{B2FD8E54-4657-4F3A-A5F0-78D63DC12D62}.Release|Any CPU.ActiveCfg = Release|Any CPU
		{B2FD8E54-4657-4F3A-A5F0-78D63DC12D62}.Release|Any CPU.Build.0 = Release|Any CPU
		{02FC267B-E0B3-4649-930E-DC6E4AD50EF9}.Debug|Any CPU.ActiveCfg = Debug|Any CPU
		{02FC267B-E0B3-4649-930E-DC6E4AD50EF9}.Debug|Any CPU.Build.0 = Debug|Any CPU
		{02FC267B-E0B3-4649-930E-DC6E4AD50EF9}.Release|Any CPU.ActiveCfg = Release|Any CPU
		{02FC267B-E0B3-4649-930E-DC6E4AD50EF9}.Release|Any CPU.Build.0 = Release|Any CPU
		{3761A574-4347-4DC5-9C72-8234DAAE6B45}.Debug|Any CPU.ActiveCfg = Debug|Any CPU
		{3761A574-4347-4DC5-9C72-8234DAAE6B45}.Debug|Any CPU.Build.0 = Debug|Any CPU
		{3761A574-4347-4DC5-9C72-8234DAAE6B45}.Release|Any CPU.ActiveCfg = Release|Any CPU
		{3761A574-4347-4DC5-9C72-8234DAAE6B45}.Release|Any CPU.Build.0 = Release|Any CPU
	EndGlobalSection
	GlobalSection(SolutionProperties) = preSolution
		HideSolutionNode = FALSE
	EndGlobalSection
	GlobalSection(ExtensibilityGlobals) = postSolution
		SolutionGuid = {DE6A0B93-13BC-467A-9F1F-6835F3DBA9FA}
	EndGlobalSection
EndGlobal
